github.com/blackaichi/go-defectdojo v0.0.0-20230817125522-c0a52067e1c8 h1:QhnSCvFJ2X3s13OZjFTmtmrlMT6rI/wZ2RGag/Xw1d4=
github.com/blackaichi/go-defectdojo v0.0.0-20230817125522-c0a52067e1c8/go.mod h1:Z6/7Ct2WnWXLxAcTitQBbb4KSESHWVpzk6aQiz3qwTU=
github.com/google/go-cmp v0.5.7 h1:81/ik6ipDQS2aGcBfIN5dHDB36BwrStyeAQquSYCV4o=
github.com/google/go-cmp v0.5.7/go.mod h1:n+brtR0CgQNWTVd5ZUFpTBC8YFBDLK/h/bpaJ8/DtOE=
